
Microsoft Visual Studio Solution File, Format Version 12.00
# Visual Studio Version 17
VisualStudioVersion = 17.2.32427.441
MinimumVisualStudioVersion = 10.0.40219.1
Project("{9A19103F-16F7-4668-BE54-9A1E7A4F7556}") = "fr.pierrejulien.ddit-api", "fr.pierrejulien.ddit-api.csproj", "{49994659-F29F-4CED-8087-6711D2C697B2}"
EndProject
Global
	GlobalSection(SolutionConfigurationPlatforms) = preSolution
		Debug|Any CPU = Debug|Any CPU
		Release|Any CPU = Release|Any CPU
	EndGlobalSection
	GlobalSection(ProjectConfigurationPlatforms) = postSolution
		{49994659-F29F-4CED-8087-6711D2C697B2}.Debug|Any CPU.ActiveCfg = Debug|Any CPU
		{49994659-F29F-4CED-8087-6711D2C697B2}.Debug|Any CPU.Build.0 = Debug|Any CPU
		{49994659-F29F-4CED-8087-6711D2C697B2}.Release|Any CPU.ActiveCfg = Release|Any CPU
		{49994659-F29F-4CED-8087-6711D2C697B2}.Release|Any CPU.Build.0 = Release|Any CPU
	EndGlobalSection
	GlobalSection(SolutionProperties) = preSolution
		HideSolutionNode = FALSE
	EndGlobalSection
	GlobalSection(ExtensibilityGlobals) = postSolution
		SolutionGuid = {D60ED387-2755-43FC-A22A-D2229224513A}
	EndGlobalSection
EndGlobal
